
Microsoft Visual Studio Solution File, Format Version 12.00
# Visual Studio Version 17
VisualStudioVersion = 17.9.34607.119
MinimumVisualStudioVersion = 10.0.40219.1
Project("{9A19103F-16F7-4668-BE54-9A1E7A4F7556}") = "CarPriceHistory.API", "CarPriceHistory\CarPriceHistory.API.csproj", "{76EF7CB8-F2E6-45C4-813A-5B0DB4E533F9}"
EndProject
Project("{FAE04EC0-301F-11D3-BF4B-00C04F79EFBC}") = "CarPriceHistory.Domain", "CarPriceHistory.Domain\CarPriceHistory.Domain.csproj", "{8F1485CD-1B40-4672-9B69-1B8966AA6A49}"
EndProject
Project("{FAE04EC0-301F-11D3-BF4B-00C04F79EFBC}") = "CarPriceHistory.Docs", "CarPriceHistory.Docs\CarPriceHistory.Docs.csproj", "{89BC9BE7-BFAF-425A-9805-E3CCD92C74EE}"
EndProject
Global
	GlobalSection(SolutionConfigurationPlatforms) = preSolution
		Debug|Any CPU = Debug|Any CPU
		Release|Any CPU = Release|Any CPU
	EndGlobalSection
	GlobalSection(ProjectConfigurationPlatforms) = postSolution
		{76EF7CB8-F2E6-45C4-813A-5B0DB4E533F9}.Debug|Any CPU.ActiveCfg = Debug|Any CPU
		{76EF7CB8-F2E6-45C4-813A-5B0DB4E533F9}.Debug|Any CPU.Build.0 = Debug|Any CPU
		{76EF7CB8-F2E6-45C4-813A-5B0DB4E533F9}.Release|Any CPU.ActiveCfg = Release|Any CPU
		{76EF7CB8-F2E6-45C4-813A-5B0DB4E533F9}.Release|Any CPU.Build.0 = Release|Any CPU
		{8F1485CD-1B40-4672-9B69-1B8966AA6A49}.Debug|Any CPU.ActiveCfg = Debug|Any CPU
		{8F1485CD-1B40-4672-9B69-1B8966AA6A49}.Debug|Any CPU.Build.0 = Debug|Any CPU
		{8F1485CD-1B40-4672-9B69-1B8966AA6A49}.Release|Any CPU.ActiveCfg = Release|Any CPU
		{8F1485CD-1B40-4672-9B69-1B8966AA6A49}.Release|Any CPU.Build.0 = Release|Any CPU
		{89BC9BE7-BFAF-425A-9805-E3CCD92C74EE}.Debug|Any CPU.ActiveCfg = Debug|Any CPU
		{89BC9BE7-BFAF-425A-9805-E3CCD92C74EE}.Debug|Any CPU.Build.0 = Debug|Any CPU
		{89BC9BE7-BFAF-425A-9805-E3CCD92C74EE}.Release|Any CPU.ActiveCfg = Release|Any CPU
		{89BC9BE7-BFAF-425A-9805-E3CCD92C74EE}.Release|Any CPU.Build.0 = Release|Any CPU
	EndGlobalSection
	GlobalSection(SolutionProperties) = preSolution
		HideSolutionNode = FALSE
	EndGlobalSection
	GlobalSection(ExtensibilityGlobals) = postSolution
		SolutionGuid = {1AF8D727-08B0-4BD9-A0C5-1E7BB0F59A19}
	EndGlobalSection
EndGlobal
